
Microsoft Visual Studio Solution File, Format Version 12.00
# Visual Studio Version 17
VisualStudioVersion = 17.5.33627.172
MinimumVisualStudioVersion = 10.0.40219.1
Project("{2150E333-8FDC-42A3-9474-1A3956D46DE8}") = "02 - Services", "02 - Services", "{B217DE88-C9E2-4490-B20F-0409A4EB7CE1}"
EndProject
Project("{2150E333-8FDC-42A3-9474-1A3956D46DE8}") = "01 - Core", "01 - Core", "{04FBBDE0-40E5-48C4-8BD4-524CB82DC8F5}"
EndProject
Project("{2150E333-8FDC-42A3-9474-1A3956D46DE8}") = "03 - Test", "03 - Test", "{DD7021A6-A6AF-4381-A25D-3E137FDEE7D6}"
EndProject
Project("{9A19103F-16F7-4668-BE54-9A1E7A4F7556}") = "ERP.Core", "ERP.Core\ERP.Core.csproj", "{842A7185-F80E-41BB-8885-2B39EB5F8912}"
EndProject
Project("{2150E333-8FDC-42A3-9474-1A3956D46DE8}") = "01 - ERP.Crud", "01 - ERP.Crud", "{017DF315-3FF8-4545-8C70-CC8C597F4EE1}"
EndProject
Project("{9A19103F-16F7-4668-BE54-9A1E7A4F7556}") = "ERP.Crud.Domain", "ERP.Crud.Domain\ERP.Crud.Domain.csproj", "{40F0ACDA-F586-4496-A7F3-CD7D15464C69}"
EndProject
Project("{9A19103F-16F7-4668-BE54-9A1E7A4F7556}") = "ERP.Crud.Infra.Data", "ERP.Crud.Infra.Data\ERP.Crud.Infra.Data.csproj", "{2A1F1519-64E1-461A-9888-621A9F2E5EC2}"
EndProject
Project("{9A19103F-16F7-4668-BE54-9A1E7A4F7556}") = "ERP.Crud.IoC", "ERP.Crud.IoC\ERP.Crud.IoC.csproj", "{E3DE5C4F-8DE7-4EEA-96CD-A82B7234611A}"
EndProject
Project("{9A19103F-16F7-4668-BE54-9A1E7A4F7556}") = "ERP.Crud.Infra.Messaging", "ERP.Crud.Infra.Messaging\ERP.Crud.Infra.Messaging.csproj", "{6F8D6CC3-E034-41CD-B998-BD6A98D7B053}"
EndProject
Project("{9A19103F-16F7-4668-BE54-9A1E7A4F7556}") = "ERP.Crud.Application", "ERP.Crud.Application\ERP.Crud.Application.csproj", "{A9B7A205-27E9-4490-872E-71680300AA75}"
EndProject
Project("{9A19103F-16F7-4668-BE54-9A1E7A4F7556}") = "ERP.Crud.API", "ERP.Crud.API\ERP.Crud.API.csproj", "{350FFA6B-637D-42B0-B1D2-198BD8BB2C11}"
EndProject
Project("{2150E333-8FDC-42A3-9474-1A3956D46DE8}") = "02 - ERP.Consolidator", "02 - ERP.Consolidator", "{1F1675E6-E7F6-462A-A9C3-3D93FDF75AAF}"
EndProject
Project("{9A19103F-16F7-4668-BE54-9A1E7A4F7556}") = "ERP.Consolidator.API", "ERP.Consolidator.API\ERP.Consolidator.API.csproj", "{A3AE850F-12D3-4C56-A9EF-C3DFCF82C03C}"
EndProject
Project("{9A19103F-16F7-4668-BE54-9A1E7A4F7556}") = "ERP.Consolidator.Application", "ERP.Consolidator.Application\ERP.Consolidator.Application.csproj", "{ED5A088C-0335-4335-8E97-61E78EC0FDA7}"
EndProject
Project("{9A19103F-16F7-4668-BE54-9A1E7A4F7556}") = "ERP.Consolidator.Domain", "ERP.Consolidator.Domain\ERP.Consolidator.Domain.csproj", "{6A40CE2F-4175-4FBE-A098-D3BC192F44AB}"
EndProject
Project("{9A19103F-16F7-4668-BE54-9A1E7A4F7556}") = "ERP.Consolidator.Infra.Data", "ERP.Consolidator.Infra.Data\ERP.Consolidator.Infra.Data.csproj", "{EDEED1AF-E020-46B9-89D9-9674EC715290}"
EndProject
Project("{9A19103F-16F7-4668-BE54-9A1E7A4F7556}") = "ERP.Consolidator.Infra.Messaging", "ERP.Consolidator.Infra.Messaging\ERP.Consolidator.Infra.Messaging.csproj", "{8162CF01-58E6-4E83-B433-E767C3D806F9}"
EndProject
Project("{9A19103F-16F7-4668-BE54-9A1E7A4F7556}") = "ERP.Consolidator.IoC", "ERP.Consolidator.IoC\ERP.Consolidator.IoC.csproj", "{50571E9B-4B5E-4218-9BC7-19718D64D217}"
EndProject
Project("{9A19103F-16F7-4668-BE54-9A1E7A4F7556}") = "ERP.Domain", "ERP.Domain\ERP.Domain.csproj", "{FD0CA303-ACA9-40A5-84DF-36F33111E289}"
EndProject
Project("{9A19103F-16F7-4668-BE54-9A1E7A4F7556}") = "ERP.Consolidator.Infra.Jobs", "ERP.Consolidator.Infra.Jobs\ERP.Consolidator.Infra.Jobs.csproj", "{AC50C4A3-1B15-4C7F-93D0-3A5BF7ACCBC9}"
EndProject
Project("{9A19103F-16F7-4668-BE54-9A1E7A4F7556}") = "ERP.Report.API", "ERP.Report.API\ERP.Report.API.csproj", "{97634BE9-C4D6-4C1B-9E0B-A33C86F0D365}"
EndProject
Project("{2150E333-8FDC-42A3-9474-1A3956D46DE8}") = "03 - ERP.Report", "03 - ERP.Report", "{0F8FD443-4ED2-44AF-96EB-F86A069FC8A5}"
EndProject
Project("{9A19103F-16F7-4668-BE54-9A1E7A4F7556}") = "ERP.Report.Application", "ERP.Report.Application\ERP.Report.Application.csproj", "{9A8D03A4-90C9-486B-A773-6209AAFCA670}"
EndProject
Project("{9A19103F-16F7-4668-BE54-9A1E7A4F7556}") = "ERP.Report.Domain", "ERP.Report.Domain\ERP.Report.Domain.csproj", "{5169C05B-B1AD-4A1D-A472-7C14F6A7D31F}"
EndProject
Project("{9A19103F-16F7-4668-BE54-9A1E7A4F7556}") = "ERP.Report.Infra.Data", "ERP.Report.Infra.Data\ERP.Report.Infra.Data.csproj", "{C15CF9DC-C8B6-449F-91A5-CB3E25357A1D}"
EndProject
Project("{9A19103F-16F7-4668-BE54-9A1E7A4F7556}") = "ERP.Report.IoC", "ERP.Report.IoC\ERP.Report.IoC.csproj", "{D463CD2F-97D8-42C8-9F52-78B3F9749D40}"
EndProject
Project("{9A19103F-16F7-4668-BE54-9A1E7A4F7556}") = "ERP.Crud.Application.Tests", "..\test\ERP.Crud.Application.Tests\ERP.Crud.Application.Tests.csproj", "{500F019F-9C94-47DC-8D92-A5C0F1A9E08C}"
EndProject
Project("{9A19103F-16F7-4668-BE54-9A1E7A4F7556}") = "ERP.Crud.Infra.Messaging.Tests", "..\test\ERP.Crud.Infra.Messaging.Tests\ERP.Crud.Infra.Messaging.Tests.csproj", "{B57830C4-FE84-4A67-A855-C84818EF7383}"
EndProject
Project("{9A19103F-16F7-4668-BE54-9A1E7A4F7556}") = "ERP.Report.Application.Tests", "..\test\ERP.Report.Application.Tests\ERP.Report.Application.Tests.csproj", "{59B66A82-47A7-4F24-A042-188AB60A7E56}"
EndProject
Project("{9A19103F-16F7-4668-BE54-9A1E7A4F7556}") = "ERP.Consolidator.Application.Tests", "..\test\ERP.Consolidator.Application.Tests\ERP.Consolidator.Application.Tests.csproj", "{4FCB96F7-A05D-40FF-9414-7ABBD53C5E18}"
EndProject
Project("{2150E333-8FDC-42A3-9474-1A3956D46DE8}") = "00 - ERP.Identity", "00 - ERP.Identity", "{8FA01CB3-762B-4457-A49E-6C531A9AC2DE}"
EndProject
Project("{FAE04EC0-301F-11D3-BF4B-00C04F79EFBC}") = "ERP.Identity.API", "ERP.Identity.API\ERP.Identity.API.csproj", "{37BE9A90-03FC-4801-9995-A265FB7934B2}"
EndProject
Project("{FAE04EC0-301F-11D3-BF4B-00C04F79EFBC}") = "ERP.Identity.Domain", "ERP.Identity.Domain\ERP.Identity.Domain.csproj", "{17D5927E-D718-4886-A40E-4322A2CBF2AA}"
EndProject
Project("{FAE04EC0-301F-11D3-BF4B-00C04F79EFBC}") = "ERP.Identity.Application", "ERP.Identity.Application\ERP.Identity.Application.csproj", "{C64492EE-5CA5-460A-9156-AADBDDD8B93F}"
EndProject
Project("{FAE04EC0-301F-11D3-BF4B-00C04F79EFBC}") = "ERP.Identity.Infra.Data", "ERP.Identity.Infra.Data\ERP.Identity.Infra.Data.csproj", "{B6347E69-AD6D-4DAF-9163-D1C6FB14C302}"
EndProject
Project("{FAE04EC0-301F-11D3-BF4B-00C04F79EFBC}") = "ERP.Identity.IoC", "ERP.Identity.IoC\ERP.Identity.IoC.csproj", "{361FBDC4-CA68-4945-A047-2D039328E74E}"
EndProject
Project("{FAE04EC0-301F-11D3-BF4B-00C04F79EFBC}") = "ERP.Identity.Infra.Util", "ERP.Identity.Infra.Util\ERP.Identity.Infra.Util.csproj", "{61DEA14A-C76E-4846-8D71-F89E0B859A44}"
EndProject
Project("{2150E333-8FDC-42A3-9474-1A3956D46DE8}") = "00 - ERP.Gateway", "00 - ERP.Gateway", "{038AB7A0-2928-452B-9D4C-4DDEB07776FF}"
EndProject
Project("{FAE04EC0-301F-11D3-BF4B-00C04F79EFBC}") = "ERP.Gateway", "ERP.Gateway\ERP.Gateway.csproj", "{A9798D2C-4D36-451A-A3A2-69A95628FEDE}"
EndProject
Global
	GlobalSection(SolutionConfigurationPlatforms) = preSolution
		Debug|Any CPU = Debug|Any CPU
		Release|Any CPU = Release|Any CPU
	EndGlobalSection
	GlobalSection(ProjectConfigurationPlatforms) = postSolution
		{842A7185-F80E-41BB-8885-2B39EB5F8912}.Debug|Any CPU.ActiveCfg = Debug|Any CPU
		{842A7185-F80E-41BB-8885-2B39EB5F8912}.Debug|Any CPU.Build.0 = Debug|Any CPU
		{842A7185-F80E-41BB-8885-2B39EB5F8912}.Release|Any CPU.ActiveCfg = Release|Any CPU
		{842A7185-F80E-41BB-8885-2B39EB5F8912}.Release|Any CPU.Build.0 = Release|Any CPU
		{40F0ACDA-F586-4496-A7F3-CD7D15464C69}.Debug|Any CPU.ActiveCfg = Debug|Any CPU
		{40F0ACDA-F586-4496-A7F3-CD7D15464C69}.Debug|Any CPU.Build.0 = Debug|Any CPU
		{40F0ACDA-F586-4496-A7F3-CD7D15464C69}.Release|Any CPU.ActiveCfg = Release|Any CPU
		{40F0ACDA-F586-4496-A7F3-CD7D15464C69}.Release|Any CPU.Build.0 = Release|Any CPU
		{2A1F1519-64E1-461A-9888-621A9F2E5EC2}.Debug|Any CPU.ActiveCfg = Debug|Any CPU
		{2A1F1519-64E1-461A-9888-621A9F2E5EC2}.Debug|Any CPU.Build.0 = Debug|Any CPU
		{2A1F1519-64E1-461A-9888-621A9F2E5EC2}.Release|Any CPU.ActiveCfg = Release|Any CPU
		{2A1F1519-64E1-461A-9888-621A9F2E5EC2}.Release|Any CPU.Build.0 = Release|Any CPU
		{E3DE5C4F-8DE7-4EEA-96CD-A82B7234611A}.Debug|Any CPU.ActiveCfg = Debug|Any CPU
		{E3DE5C4F-8DE7-4EEA-96CD-A82B7234611A}.Debug|Any CPU.Build.0 = Debug|Any CPU
		{E3DE5C4F-8DE7-4EEA-96CD-A82B7234611A}.Release|Any CPU.ActiveCfg = Release|Any CPU
		{E3DE5C4F-8DE7-4EEA-96CD-A82B7234611A}.Release|Any CPU.Build.0 = Release|Any CPU
		{6F8D6CC3-E034-41CD-B998-BD6A98D7B053}.Debug|Any CPU.ActiveCfg = Debug|Any CPU
		{6F8D6CC3-E034-41CD-B998-BD6A98D7B053}.Debug|Any CPU.Build.0 = Debug|Any CPU
		{6F8D6CC3-E034-41CD-B998-BD6A98D7B053}.Release|Any CPU.ActiveCfg = Release|Any CPU
		{6F8D6CC3-E034-41CD-B998-BD6A98D7B053}.Release|Any CPU.Build.0 = Release|Any CPU
		{A9B7A205-27E9-4490-872E-71680300AA75}.Debug|Any CPU.ActiveCfg = Debug|Any CPU
		{A9B7A205-27E9-4490-872E-71680300AA75}.Debug|Any CPU.Build.0 = Debug|Any CPU
		{A9B7A205-27E9-4490-872E-71680300AA75}.Release|Any CPU.ActiveCfg = Release|Any CPU
		{A9B7A205-27E9-4490-872E-71680300AA75}.Release|Any CPU.Build.0 = Release|Any CPU
		{350FFA6B-637D-42B0-B1D2-198BD8BB2C11}.Debug|Any CPU.ActiveCfg = Debug|Any CPU
		{350FFA6B-637D-42B0-B1D2-198BD8BB2C11}.Debug|Any CPU.Build.0 = Debug|Any CPU
		{350FFA6B-637D-42B0-B1D2-198BD8BB2C11}.Release|Any CPU.ActiveCfg = Release|Any CPU
		{350FFA6B-637D-42B0-B1D2-198BD8BB2C11}.Release|Any CPU.Build.0 = Release|Any CPU
		{A3AE850F-12D3-4C56-A9EF-C3DFCF82C03C}.Debug|Any CPU.ActiveCfg = Debug|Any CPU
		{A3AE850F-12D3-4C56-A9EF-C3DFCF82C03C}.Debug|Any CPU.Build.0 = Debug|Any CPU
		{A3AE850F-12D3-4C56-A9EF-C3DFCF82C03C}.Release|Any CPU.ActiveCfg = Release|Any CPU
		{A3AE850F-12D3-4C56-A9EF-C3DFCF82C03C}.Release|Any CPU.Build.0 = Release|Any CPU
		{ED5A088C-0335-4335-8E97-61E78EC0FDA7}.Debug|Any CPU.ActiveCfg = Debug|Any CPU
		{ED5A088C-0335-4335-8E97-61E78EC0FDA7}.Debug|Any CPU.Build.0 = Debug|Any CPU
		{ED5A088C-0335-4335-8E97-61E78EC0FDA7}.Release|Any CPU.ActiveCfg = Release|Any CPU
		{ED5A088C-0335-4335-8E97-61E78EC0FDA7}.Release|Any CPU.Build.0 = Release|Any CPU
		{6A40CE2F-4175-4FBE-A098-D3BC192F44AB}.Debug|Any CPU.ActiveCfg = Debug|Any CPU
		{6A40CE2F-4175-4FBE-A098-D3BC192F44AB}.Debug|Any CPU.Build.0 = Debug|Any CPU
		{6A40CE2F-4175-4FBE-A098-D3BC192F44AB}.Release|Any CPU.ActiveCfg = Release|Any CPU
		{6A40CE2F-4175-4FBE-A098-D3BC192F44AB}.Release|Any CPU.Build.0 = Release|Any CPU
		{EDEED1AF-E020-46B9-89D9-9674EC715290}.Debug|Any CPU.ActiveCfg = Debug|Any CPU
		{EDEED1AF-E020-46B9-89D9-9674EC715290}.Debug|Any CPU.Build.0 = Debug|Any CPU
		{EDEED1AF-E020-46B9-89D9-9674EC715290}.Release|Any CPU.ActiveCfg = Release|Any CPU
		{EDEED1AF-E020-46B9-89D9-9674EC715290}.Release|Any CPU.Build.0 = Release|Any CPU
		{8162CF01-58E6-4E83-B433-E767C3D806F9}.Debug|Any CPU.ActiveCfg = Debug|Any CPU
		{8162CF01-58E6-4E83-B433-E767C3D806F9}.Debug|Any CPU.Build.0 = Debug|Any CPU
		{8162CF01-58E6-4E83-B433-E767C3D806F9}.Release|Any CPU.ActiveCfg = Release|Any CPU
		{8162CF01-58E6-4E83-B433-E767C3D806F9}.Release|Any CPU.Build.0 = Release|Any CPU
		{50571E9B-4B5E-4218-9BC7-19718D64D217}.Debug|Any CPU.ActiveCfg = Debug|Any CPU
		{50571E9B-4B5E-4218-9BC7-19718D64D217}.Debug|Any CPU.Build.0 = Debug|Any CPU
		{50571E9B-4B5E-4218-9BC7-19718D64D217}.Release|Any CPU.ActiveCfg = Release|Any CPU
		{50571E9B-4B5E-4218-9BC7-19718D64D217}.Release|Any CPU.Build.0 = Release|Any CPU
		{FD0CA303-ACA9-40A5-84DF-36F33111E289}.Debug|Any CPU.ActiveCfg = Debug|Any CPU
		{FD0CA303-ACA9-40A5-84DF-36F33111E289}.Debug|Any CPU.Build.0 = Debug|Any CPU
		{FD0CA303-ACA9-40A5-84DF-36F33111E289}.Release|Any CPU.ActiveCfg = Release|Any CPU
		{FD0CA303-ACA9-40A5-84DF-36F33111E289}.Release|Any CPU.Build.0 = Release|Any CPU
		{AC50C4A3-1B15-4C7F-93D0-3A5BF7ACCBC9}.Debug|Any CPU.ActiveCfg = Debug|Any CPU
		{AC50C4A3-1B15-4C7F-93D0-3A5BF7ACCBC9}.Debug|Any CPU.Build.0 = Debug|Any CPU
		{AC50C4A3-1B15-4C7F-93D0-3A5BF7ACCBC9}.Release|Any CPU.ActiveCfg = Release|Any CPU
		{AC50C4A3-1B15-4C7F-93D0-3A5BF7ACCBC9}.Release|Any CPU.Build.0 = Release|Any CPU
		{97634BE9-C4D6-4C1B-9E0B-A33C86F0D365}.Debug|Any CPU.ActiveCfg = Debug|Any CPU
		{97634BE9-C4D6-4C1B-9E0B-A33C86F0D365}.Debug|Any CPU.Build.0 = Debug|Any CPU
		{97634BE9-C4D6-4C1B-9E0B-A33C86F0D365}.Release|Any CPU.ActiveCfg = Release|Any CPU
		{97634BE9-C4D6-4C1B-9E0B-A33C86F0D365}.Release|Any CPU.Build.0 = Release|Any CPU
		{9A8D03A4-90C9-486B-A773-6209AAFCA670}.Debug|Any CPU.ActiveCfg = Debug|Any CPU
		{9A8D03A4-90C9-486B-A773-6209AAFCA670}.Debug|Any CPU.Build.0 = Debug|Any CPU
		{9A8D03A4-90C9-486B-A773-6209AAFCA670}.Release|Any CPU.ActiveCfg = Release|Any CPU
		{9A8D03A4-90C9-486B-A773-6209AAFCA670}.Release|Any CPU.Build.0 = Release|Any CPU
		{5169C05B-B1AD-4A1D-A472-7C14F6A7D31F}.Debug|Any CPU.ActiveCfg = Debug|Any CPU
		{5169C05B-B1AD-4A1D-A472-7C14F6A7D31F}.Debug|Any CPU.Build.0 = Debug|Any CPU
		{5169C05B-B1AD-4A1D-A472-7C14F6A7D31F}.Release|Any CPU.ActiveCfg = Release|Any CPU
		{5169C05B-B1AD-4A1D-A472-7C14F6A7D31F}.Release|Any CPU.Build.0 = Release|Any CPU
		{C15CF9DC-C8B6-449F-91A5-CB3E25357A1D}.Debug|Any CPU.ActiveCfg = Debug|Any CPU
		{C15CF9DC-C8B6-449F-91A5-CB3E25357A1D}.Debug|Any CPU.Build.0 = Debug|Any CPU
		{C15CF9DC-C8B6-449F-91A5-CB3E25357A1D}.Release|Any CPU.ActiveCfg = Release|Any CPU
		{C15CF9DC-C8B6-449F-91A5-CB3E25357A1D}.Release|Any CPU.Build.0 = Release|Any CPU
		{D463CD2F-97D8-42C8-9F52-78B3F9749D40}.Debug|Any CPU.ActiveCfg = Debug|Any CPU
		{D463CD2F-97D8-42C8-9F52-78B3F9749D40}.Debug|Any CPU.Build.0 = Debug|Any CPU
		{D463CD2F-97D8-42C8-9F52-78B3F9749D40}.Release|Any CPU.ActiveCfg = Release|Any CPU
		{D463CD2F-97D8-42C8-9F52-78B3F9749D40}.Release|Any CPU.Build.0 = Release|Any CPU
		{500F019F-9C94-47DC-8D92-A5C0F1A9E08C}.Debug|Any CPU.ActiveCfg = Debug|Any CPU
		{500F019F-9C94-47DC-8D92-A5C0F1A9E08C}.Debug|Any CPU.Build.0 = Debug|Any CPU
		{500F019F-9C94-47DC-8D92-A5C0F1A9E08C}.Release|Any CPU.ActiveCfg = Release|Any CPU
		{500F019F-9C94-47DC-8D92-A5C0F1A9E08C}.Release|Any CPU.Build.0 = Release|Any CPU
		{B57830C4-FE84-4A67-A855-C84818EF7383}.Debug|Any CPU.ActiveCfg = Debug|Any CPU
		{B57830C4-FE84-4A67-A855-C84818EF7383}.Debug|Any CPU.Build.0 = Debug|Any CPU
		{B57830C4-FE84-4A67-A855-C84818EF7383}.Release|Any CPU.ActiveCfg = Release|Any CPU
		{B57830C4-FE84-4A67-A855-C84818EF7383}.Release|Any CPU.Build.0 = Release|Any CPU
		{59B66A82-47A7-4F24-A042-188AB60A7E56}.Debug|Any CPU.ActiveCfg = Debug|Any CPU
		{59B66A82-47A7-4F24-A042-188AB60A7E56}.Debug|Any CPU.Build.0 = Debug|Any CPU
		{59B66A82-47A7-4F24-A042-188AB60A7E56}.Release|Any CPU.ActiveCfg = Release|Any CPU
		{59B66A82-47A7-4F24-A042-188AB60A7E56}.Release|Any CPU.Build.0 = Release|Any CPU
		{4FCB96F7-A05D-40FF-9414-7ABBD53C5E18}.Debug|Any CPU.ActiveCfg = Debug|Any CPU
		{4FCB96F7-A05D-40FF-9414-7ABBD53C5E18}.Debug|Any CPU.Build.0 = Debug|Any CPU
		{4FCB96F7-A05D-40FF-9414-7ABBD53C5E18}.Release|Any CPU.ActiveCfg = Release|Any CPU
		{4FCB96F7-A05D-40FF-9414-7ABBD53C5E18}.Release|Any CPU.Build.0 = Release|Any CPU
		{37BE9A90-03FC-4801-9995-A265FB7934B2}.Debug|Any CPU.ActiveCfg = Debug|Any CPU
		{37BE9A90-03FC-4801-9995-A265FB7934B2}.Debug|Any CPU.Build.0 = Debug|Any CPU
		{37BE9A90-03FC-4801-9995-A265FB7934B2}.Release|Any CPU.ActiveCfg = Release|Any CPU
		{37BE9A90-03FC-4801-9995-A265FB7934B2}.Release|Any CPU.Build.0 = Release|Any CPU
		{17D5927E-D718-4886-A40E-4322A2CBF2AA}.Debug|Any CPU.ActiveCfg = Debug|Any CPU
		{17D5927E-D718-4886-A40E-4322A2CBF2AA}.Debug|Any CPU.Build.0 = Debug|Any CPU
		{17D5927E-D718-4886-A40E-4322A2CBF2AA}.Release|Any CPU.ActiveCfg = Release|Any CPU
		{17D5927E-D718-4886-A40E-4322A2CBF2AA}.Release|Any CPU.Build.0 = Release|Any CPU
		{C64492EE-5CA5-460A-9156-AADBDDD8B93F}.Debug|Any CPU.ActiveCfg = Debug|Any CPU
		{C64492EE-5CA5-460A-9156-AADBDDD8B93F}.Debug|Any CPU.Build.0 = Debug|Any CPU
		{C64492EE-5CA5-460A-9156-AADBDDD8B93F}.Release|Any CPU.ActiveCfg = Release|Any CPU
		{C64492EE-5CA5-460A-9156-AADBDDD8B93F}.Release|Any CPU.Build.0 = Release|Any CPU
		{B6347E69-AD6D-4DAF-9163-D1C6FB14C302}.Debug|Any CPU.ActiveCfg = Debug|Any CPU
		{B6347E69-AD6D-4DAF-9163-D1C6FB14C302}.Debug|Any CPU.Build.0 = Debug|Any CPU
		{B6347E69-AD6D-4DAF-9163-D1C6FB14C302}.Release|Any CPU.ActiveCfg = Release|Any CPU
		{B6347E69-AD6D-4DAF-9163-D1C6FB14C302}.Release|Any CPU.Build.0 = Release|Any CPU
		{361FBDC4-CA68-4945-A047-2D039328E74E}.Debug|Any CPU.ActiveCfg = Debug|Any CPU
		{361FBDC4-CA68-4945-A047-2D039328E74E}.Debug|Any CPU.Build.0 = Debug|Any CPU
		{361FBDC4-CA68-4945-A047-2D039328E74E}.Release|Any CPU.ActiveCfg = Release|Any CPU
		{361FBDC4-CA68-4945-A047-2D039328E74E}.Release|Any CPU.Build.0 = Release|Any CPU
		{61DEA14A-C76E-4846-8D71-F89E0B859A44}.Debug|Any CPU.ActiveCfg = Debug|Any CPU
		{61DEA14A-C76E-4846-8D71-F89E0B859A44}.Debug|Any CPU.Build.0 = Debug|Any CPU
		{61DEA14A-C76E-4846-8D71-F89E0B859A44}.Release|Any CPU.ActiveCfg = Release|Any CPU
		{61DEA14A-C76E-4846-8D71-F89E0B859A44}.Release|Any CPU.Build.0 = Release|Any CPU
		{A9798D2C-4D36-451A-A3A2-69A95628FEDE}.Debug|Any CPU.ActiveCfg = Debug|Any CPU
		{A9798D2C-4D36-451A-A3A2-69A95628FEDE}.Debug|Any CPU.Build.0 = Debug|Any CPU
		{A9798D2C-4D36-451A-A3A2-69A95628FEDE}.Release|Any CPU.ActiveCfg = Release|Any CPU
		{A9798D2C-4D36-451A-A3A2-69A95628FEDE}.Release|Any CPU.Build.0 = Release|Any CPU
	EndGlobalSection
	GlobalSection(SolutionProperties) = preSolution
		HideSolutionNode = FALSE
	EndGlobalSection
	GlobalSection(NestedProjects) = preSolution
		{842A7185-F80E-41BB-8885-2B39EB5F8912} = {04FBBDE0-40E5-48C4-8BD4-524CB82DC8F5}
		{017DF315-3FF8-4545-8C70-CC8C597F4EE1} = {B217DE88-C9E2-4490-B20F-0409A4EB7CE1}
		{40F0ACDA-F586-4496-A7F3-CD7D15464C69} = {017DF315-3FF8-4545-8C70-CC8C597F4EE1}
		{2A1F1519-64E1-461A-9888-621A9F2E5EC2} = {017DF315-3FF8-4545-8C70-CC8C597F4EE1}
		{E3DE5C4F-8DE7-4EEA-96CD-A82B7234611A} = {017DF315-3FF8-4545-8C70-CC8C597F4EE1}
		{6F8D6CC3-E034-41CD-B998-BD6A98D7B053} = {017DF315-3FF8-4545-8C70-CC8C597F4EE1}
		{A9B7A205-27E9-4490-872E-71680300AA75} = {017DF315-3FF8-4545-8C70-CC8C597F4EE1}
		{350FFA6B-637D-42B0-B1D2-198BD8BB2C11} = {017DF315-3FF8-4545-8C70-CC8C597F4EE1}
		{1F1675E6-E7F6-462A-A9C3-3D93FDF75AAF} = {B217DE88-C9E2-4490-B20F-0409A4EB7CE1}
		{A3AE850F-12D3-4C56-A9EF-C3DFCF82C03C} = {1F1675E6-E7F6-462A-A9C3-3D93FDF75AAF}
		{ED5A088C-0335-4335-8E97-61E78EC0FDA7} = {1F1675E6-E7F6-462A-A9C3-3D93FDF75AAF}
		{6A40CE2F-4175-4FBE-A098-D3BC192F44AB} = {1F1675E6-E7F6-462A-A9C3-3D93FDF75AAF}
		{EDEED1AF-E020-46B9-89D9-9674EC715290} = {1F1675E6-E7F6-462A-A9C3-3D93FDF75AAF}
		{8162CF01-58E6-4E83-B433-E767C3D806F9} = {1F1675E6-E7F6-462A-A9C3-3D93FDF75AAF}
		{50571E9B-4B5E-4218-9BC7-19718D64D217} = {1F1675E6-E7F6-462A-A9C3-3D93FDF75AAF}
		{FD0CA303-ACA9-40A5-84DF-36F33111E289} = {04FBBDE0-40E5-48C4-8BD4-524CB82DC8F5}
		{AC50C4A3-1B15-4C7F-93D0-3A5BF7ACCBC9} = {1F1675E6-E7F6-462A-A9C3-3D93FDF75AAF}
		{97634BE9-C4D6-4C1B-9E0B-A33C86F0D365} = {0F8FD443-4ED2-44AF-96EB-F86A069FC8A5}
		{0F8FD443-4ED2-44AF-96EB-F86A069FC8A5} = {B217DE88-C9E2-4490-B20F-0409A4EB7CE1}
		{9A8D03A4-90C9-486B-A773-6209AAFCA670} = {0F8FD443-4ED2-44AF-96EB-F86A069FC8A5}
		{5169C05B-B1AD-4A1D-A472-7C14F6A7D31F} = {0F8FD443-4ED2-44AF-96EB-F86A069FC8A5}
		{C15CF9DC-C8B6-449F-91A5-CB3E25357A1D} = {0F8FD443-4ED2-44AF-96EB-F86A069FC8A5}
		{D463CD2F-97D8-42C8-9F52-78B3F9749D40} = {0F8FD443-4ED2-44AF-96EB-F86A069FC8A5}
		{500F019F-9C94-47DC-8D92-A5C0F1A9E08C} = {DD7021A6-A6AF-4381-A25D-3E137FDEE7D6}
		{B57830C4-FE84-4A67-A855-C84818EF7383} = {DD7021A6-A6AF-4381-A25D-3E137FDEE7D6}
		{59B66A82-47A7-4F24-A042-188AB60A7E56} = {DD7021A6-A6AF-4381-A25D-3E137FDEE7D6}
		{4FCB96F7-A05D-40FF-9414-7ABBD53C5E18} = {DD7021A6-A6AF-4381-A25D-3E137FDEE7D6}
		{8FA01CB3-762B-4457-A49E-6C531A9AC2DE} = {B217DE88-C9E2-4490-B20F-0409A4EB7CE1}
		{37BE9A90-03FC-4801-9995-A265FB7934B2} = {8FA01CB3-762B-4457-A49E-6C531A9AC2DE}
		{17D5927E-D718-4886-A40E-4322A2CBF2AA} = {8FA01CB3-762B-4457-A49E-6C531A9AC2DE}
		{C64492EE-5CA5-460A-9156-AADBDDD8B93F} = {8FA01CB3-762B-4457-A49E-6C531A9AC2DE}
		{B6347E69-AD6D-4DAF-9163-D1C6FB14C302} = {8FA01CB3-762B-4457-A49E-6C531A9AC2DE}
		{361FBDC4-CA68-4945-A047-2D039328E74E} = {8FA01CB3-762B-4457-A49E-6C531A9AC2DE}
		{61DEA14A-C76E-4846-8D71-F89E0B859A44} = {8FA01CB3-762B-4457-A49E-6C531A9AC2DE}
		{038AB7A0-2928-452B-9D4C-4DDEB07776FF} = {B217DE88-C9E2-4490-B20F-0409A4EB7CE1}
		{A9798D2C-4D36-451A-A3A2-69A95628FEDE} = {038AB7A0-2928-452B-9D4C-4DDEB07776FF}
	EndGlobalSection
	GlobalSection(ExtensibilityGlobals) = postSolution
		SolutionGuid = {170AA73D-4E5C-4CE4-8957-CD93BD934851}
	EndGlobalSection
EndGlobal
